<Solution>
  <Folder Name="/server/">
    <Project Path="server/PoTagGame.csproj" />
  </Folder>
  <Folder Name="/tests/">
    <Project Path="tests/TagGame.Tests.Integration/TagGame.Tests.Integration.csproj" />
    <Project Path="tests/TagGame.Tests.Unit/TagGame.Tests.Unit.csproj" />
  </Folder>
</Solution>
